github.com/davecgh/go-spew v1.1.1 h1:vj9j/u1bqnvCEfJOwUhtlOARqs3+rkHYY13jYWTU97c=
github.com/efficientgo/core v1.0.0-rc.0 h1:jJoA0N+C4/knWYVZ6GrdHOtDyrg8Y/TR4vFpTaqTsqs=
github.com/efficientgo/core v1.0.0-rc.0/go.mod h1:kQa0V74HNYMfuJH6jiPiwNdpWXl4xd/K4tzlrcvYDQI=
github.com/oklog/run v1.1.0 h1:GEenZ1cK0+q0+wsJew9qUg/DyD8k3JzYsZAi5gYi2mA=
github.com/oklog/run v1.1.0/go.mod h1:sVPdnTZT1zYwAJeCMu2Th4T21pA3FPOQRfWjQlk7DVU=
